// !$*UTF8*$!
{
	archiveVersion = 1;
	classes = {
	};
	objectVersion = 77;
	objects = {

/* Begin PBXBuildFile section */
		EB2862B22E3D28C300A23B4C /* WidgetKit.framework in Frameworks */ = {isa = PBXBuildFile; fileRef = EB2862B12E3D28C300A23B4C /* WidgetKit.framework */; };
		EB2862B42E3D28C300A23B4C /* SwiftUI.framework in Frameworks */ = {isa = PBXBuildFile; fileRef = EB2862B32E3D28C300A23B4C /* SwiftUI.framework */; };
		EB2862C52E3D28C400A23B4C /* NutritionWidgetExtension.appex in Embed Foundation Extensions */ = {isa = PBXBuildFile; fileRef = EB2862AF2E3D28C300A23B4C /* NutritionWidgetExtension.appex */; settings = {ATTRIBUTES = (RemoveHeadersOnCopy, ); }; };
/* End PBXBuildFile section */

/* Begin PBXContainerItemProxy section */
		EB28628F2E3D283000A23B4C /* PBXContainerItemProxy */ = {
			isa = PBXContainerItemProxy;
			containerPortal = EB2862772E3D282D00A23B4C /* Project object */;
			proxyType = 1;
			remoteGlobalIDString = EB28627E2E3D282D00A23B4C;
			remoteInfo = NutritionTracker;
		};
		EB2862992E3D283000A23B4C /* PBXContainerItemProxy */ = {
			isa = PBXContainerItemProxy;
			containerPortal = EB2862772E3D282D00A23B4C /* Project object */;
			proxyType = 1;
			remoteGlobalIDString = EB28627E2E3D282D00A23B4C;
			remoteInfo = NutritionTracker;
		};
		EB2862C32E3D28C400A23B4C /* PBXContainerItemProxy */ = {
			isa = PBXContainerItemProxy;
			containerPortal = EB2862772E3D282D00A23B4C /* Project object */;
			proxyType = 1;
			remoteGlobalIDString = EB2862AE2E3D28C300A23B4C;
			remoteInfo = NutritionWidgetExtension;
		};
/* End PBXContainerItemProxy section */

/* Begin PBXCopyFilesBuildPhase section */
		EB2862CA2E3D28C400A23B4C /* Embed Foundation Extensions */ = {
			isa = PBXCopyFilesBuildPhase;
			buildActionMask = 2147483647;
			dstPath = "";
			dstSubfolderSpec = 13;
			files = (
				EB2862C52E3D28C400A23B4C /* NutritionWidgetExtension.appex in Embed Foundation Extensions */,
			);
			name = "Embed Foundation Extensions";
			runOnlyForDeploymentPostprocessing = 0;
		};
/* End PBXCopyFilesBuildPhase section */

/* Begin PBXFileReference section */
		EB28627F2E3D282D00A23B4C /* NutritionTracker.app */ = {isa = PBXFileReference; explicitFileType = wrapper.application; includeInIndex = 0; path = NutritionTracker.app; sourceTree = BUILT_PRODUCTS_DIR; };
		EB28628E2E3D283000A23B4C /* NutritionTrackerTests.xctest */ = {isa = PBXFileReference; explicitFileType = wrapper.cfbundle; includeInIndex = 0; path = NutritionTrackerTests.xctest; sourceTree = BUILT_PRODUCTS_DIR; };
		EB2862982E3D283000A23B4C /* NutritionTrackerUITests.xctest */ = {isa = PBXFileReference; explicitFileType = wrapper.cfbundle; includeInIndex = 0; path = NutritionTrackerUITests.xctest; sourceTree = BUILT_PRODUCTS_DIR; };
		EB2862AF2E3D28C300A23B4C /* NutritionWidgetExtension.appex */ = {isa = PBXFileReference; explicitFileType = "wrapper.app-extension"; includeInIndex = 0; path = NutritionWidgetExtension.appex; sourceTree = BUILT_PRODUCTS_DIR; };
		EB2862B12E3D28C300A23B4C /* WidgetKit.framework */ = {isa = PBXFileReference; lastKnownFileType = wrapper.framework; name = WidgetKit.framework; path = System/Library/Frameworks/WidgetKit.framework; sourceTree = SDKROOT; };
		EB2862B32E3D28C300A23B4C /* SwiftUI.framework */ = {isa = PBXFileReference; lastKnownFileType = wrapper.framework; name = SwiftUI.framework; path = System/Library/Frameworks/SwiftUI.framework; sourceTree = SDKROOT; };
		EB2862D52E3D36F700A23B4C /* NutritionWidgetExtension.entitlements */ = {isa = PBXFileReference; lastKnownFileType = text.plist.entitlements; path = NutritionWidgetExtension.entitlements; sourceTree = "<group>"; };
/* End PBXFileReference section */

/* Begin PBXFileSystemSynchronizedBuildFileExceptionSet section */
		EB2862C62E3D28C400A23B4C /* Exceptions for "NutritionWidget" folder in "NutritionWidgetExtension" target */ = {
			isa = PBXFileSystemSynchronizedBuildFileExceptionSet;
			membershipExceptions = (
				Info.plist,
			);
			target = EB2862AE2E3D28C300A23B4C /* NutritionWidgetExtension */;
		};
/* End PBXFileSystemSynchronizedBuildFileExceptionSet section */

/* Begin PBXFileSystemSynchronizedRootGroup section */
		EB2862812E3D282D00A23B4C /* NutritionTracker */ = {
			isa = PBXFileSystemSynchronizedRootGroup;
			path = NutritionTracker;
			sourceTree = "<group>";
		};
		EB2862B52E3D28C300A23B4C /* NutritionWidget */ = {
			isa = PBXFileSystemSynchronizedRootGroup;
			exceptions = (
				EB2862C62E3D28C400A23B4C /* Exceptions for "NutritionWidget" folder in "NutritionWidgetExtension" target */,
			);
			path = NutritionWidget;
			sourceTree = "<group>";
		};
/* End PBXFileSystemSynchronizedRootGroup section */

/* Begin PBXFrameworksBuildPhase section */
		EB28627C2E3D282D00A23B4C /* Frameworks */ = {
			isa = PBXFrameworksBuildPhase;
			buildActionMask = 2147483647;
			files = (
			);
			runOnlyForDeploymentPostprocessing = 0;
		};
		EB28628B2E3D283000A23B4C /* Frameworks */ = {
			isa = PBXFrameworksBuildPhase;
			buildActionMask = 2147483647;
			files = (
			);
			runOnlyForDeploymentPostprocessing = 0;
		};
		EB2862952E3D283000A23B4C /* Frameworks */ = {
			isa = PBXFrameworksBuildPhase;
			buildActionMask = 2147483647;
			files = (
			);
			runOnlyForDeploymentPostprocessing = 0;
		};
		EB2862AC2E3D28C300A23B4C /* Frameworks */ = {
			isa = PBXFrameworksBuildPhase;
			buildActionMask = 2147483647;
			files = (
				EB2862B42E3D28C300A23B4C /* SwiftUI.framework in Frameworks */,
				EB2862B22E3D28C300A23B4C /* WidgetKit.framework in Frameworks */,
			);
			runOnlyForDeploymentPostprocessing = 0;
		};
/* End PBXFrameworksBuildPhase section */

/* Begin PBXGroup section */
		EB2862762E3D282D00A23B4C = {
			isa = PBXGroup;
			children = (
				EB2862D52E3D36F700A23B4C /* NutritionWidgetExtension.entitlements */,
				EB2862812E3D282D00A23B4C /* NutritionTracker */,
				EB2862B02E3D28C300A23B4C /* Frameworks */,
				EB2862802E3D282D00A23B4C /* Products */,
				EB2862B52E3D28C300A23B4C /* NutritionWidget */,
			);
			sourceTree = "<group>";
		};
		EB2862802E3D282D00A23B4C /* Products */ = {
			isa = PBXGroup;
			children = (
				EB28627F2E3D282D00A23B4C /* NutritionTracker.app */,
				EB28628E2E3D283000A23B4C /* NutritionTrackerTests.xctest */,
				EB2862982E3D283000A23B4C /* NutritionTrackerUITests.xctest */,
				EB2862AF2E3D28C300A23B4C /* NutritionWidgetExtension.appex */,
			);
			name = Products;
			sourceTree = "<group>";
		};
		EB2862B02E3D28C300A23B4C /* Frameworks */ = {
			isa = PBXGroup;
			children = (
				EB2862B12E3D28C300A23B4C /* WidgetKit.framework */,
				EB2862B32E3D28C300A23B4C /* SwiftUI.framework */,
			);
			name = Frameworks;
			sourceTree = "<group>";
		};
/* End PBXGroup section */

/* Begin PBXNativeTarget section */
		EB28627E2E3D282D00A23B4C /* NutritionTracker */ = {
			isa = PBXNativeTarget;
			buildConfigurationList = EB2862A22E3D283000A23B4C /* Build configuration list for PBXNativeTarget "NutritionTracker" */;
			buildPhases = (
				EB28627B2E3D282D00A23B4C /* Sources */,
				EB28627C2E3D282D00A23B4C /* Frameworks */,
				EB28627D2E3D282D00A23B4C /* Resources */,
				EB2862CA2E3D28C400A23B4C /* Embed Foundation Extensions */,
			);
			buildRules = (
			);
			dependencies = (
				EB2862C42E3D28C400A23B4C /* PBXTargetDependency */,
			);
			fileSystemSynchronizedGroups = (
				EB2862812E3D282D00A23B4C /* NutritionTracker */,
			);
			name = NutritionTracker;
			packageProductDependencies = (
			);
			productName = NutritionTracker;
			productReference = EB28627F2E3D282D00A23B4C /* NutritionTracker.app */;
			productType = "com.apple.product-type.application";
		};
		EB28628D2E3D283000A23B4C /* NutritionTrackerTests */ = {
			isa = PBXNativeTarget;
			buildConfigurationList = EB2862A52E3D283000A23B4C /* Build configuration list for PBXNativeTarget "NutritionTrackerTests" */;
			buildPhases = (
				EB28628A2E3D283000A23B4C /* Sources */,
				EB28628B2E3D283000A23B4C /* Frameworks */,
				EB28628C2E3D283000A23B4C /* Resources */,
			);
			buildRules = (
			);
			dependencies = (
				EB2862902E3D283000A23B4C /* PBXTargetDependency */,
			);
			name = NutritionTrackerTests;
			packageProductDependencies = (
			);
			productName = NutritionTrackerTests;
			productReference = EB28628E2E3D283000A23B4C /* NutritionTrackerTests.xctest */;
			productType = "com.apple.product-type.bundle.unit-test";
		};
		EB2862972E3D283000A23B4C /* NutritionTrackerUITests */ = {
			isa = PBXNativeTarget;
			buildConfigurationList = EB2862A82E3D283000A23B4C /* Build configuration list for PBXNativeTarget "NutritionTrackerUITests" */;
			buildPhases = (
				EB2862942E3D283000A23B4C /* Sources */,
				EB2862952E3D283000A23B4C /* Frameworks */,
				EB2862962E3D283000A23B4C /* Resources */,
			);
			buildRules = (
			);
			dependencies = (
				EB28629A2E3D283000A23B4C /* PBXTargetDependency */,
			);
			name = NutritionTrackerUITests;
			packageProductDependencies = (
			);
			productName = NutritionTrackerUITests;
			productReference = EB2862982E3D283000A23B4C /* NutritionTrackerUITests.xctest */;
			productType = "com.apple.product-type.bundle.ui-testing";
		};
		EB2862AE2E3D28C300A23B4C /* NutritionWidgetExtension */ = {
			isa = PBXNativeTarget;
			buildConfigurationList = EB2862C72E3D28C400A23B4C /* Build configuration list for PBXNativeTarget "NutritionWidgetExtension" */;
			buildPhases = (
				EB2862AB2E3D28C300A23B4C /* Sources */,
				EB2862AC2E3D28C300A23B4C /* Frameworks */,
				EB2862AD2E3D28C300A23B4C /* Resources */,
			);
			buildRules = (
			);
			dependencies = (
			);
			fileSystemSynchronizedGroups = (
				EB2862B52E3D28C300A23B4C /* NutritionWidget */,
			);
			name = NutritionWidgetExtension;
			packageProductDependencies = (
			);
			productName = NutritionWidgetExtension;
			productReference = EB2862AF2E3D28C300A23B4C /* NutritionWidgetExtension.appex */;
			productType = "com.apple.product-type.app-extension";
		};
/* End PBXNativeTarget section */

/* Begin PBXProject section */
		EB2862772E3D282D00A23B4C /* Project object */ = {
			isa = PBXProject;
			attributes = {
				BuildIndependentTargetsInParallel = 1;
				LastSwiftUpdateCheck = 1640;
				LastUpgradeCheck = 1640;
				TargetAttributes = {
					EB28627E2E3D282D00A23B4C = {
						CreatedOnToolsVersion = 16.4;
					};
					EB28628D2E3D283000A23B4C = {
						CreatedOnToolsVersion = 16.4;
						TestTargetID = EB28627E2E3D282D00A23B4C;
					};
					EB2862972E3D283000A23B4C = {
						CreatedOnToolsVersion = 16.4;
						TestTargetID = EB28627E2E3D282D00A23B4C;
					};
					EB2862AE2E3D28C300A23B4C = {
						CreatedOnToolsVersion = 16.4;
					};
				};
			};
			buildConfigurationList = EB28627A2E3D282D00A23B4C /* Build configuration list for PBXProject "NutritionTracker" */;
			developmentRegion = en;
			hasScannedForEncodings = 0;
			knownRegions = (
				en,
				Base,
			);
			mainGroup = EB2862762E3D282D00A23B4C;
			minimizedProjectReferenceProxies = 1;
			preferredProjectObjectVersion = 77;
			productRefGroup = EB2862802E3D282D00A23B4C /* Products */;
			projectDirPath = "";
			projectRoot = "";
			targets = (
				EB28627E2E3D282D00A23B4C /* NutritionTracker */,
				EB28628D2E3D283000A23B4C /* NutritionTrackerTests */,
				EB2862972E3D283000A23B4C /* NutritionTrackerUITests */,
				EB2862AE2E3D28C300A23B4C /* NutritionWidgetExtension */,
			);
		};
/* End PBXProject section */

/* Begin PBXResourcesBuildPhase section */
		EB28627D2E3D282D00A23B4C /* Resources */ = {
			isa = PBXResourcesBuildPhase;
			buildActionMask = 2147483647;
			files = (
			);
			runOnlyForDeploymentPostprocessing = 0;
		};
		EB28628C2E3D283000A23B4C /* Resources */ = {
			isa = PBXResourcesBuildPhase;
			buildActionMask = 2147483647;
			files = (
			);
			runOnlyForDeploymentPostprocessing = 0;
		};
		EB2862962E3D283000A23B4C /* Resources */ = {
			isa = PBXResourcesBuildPhase;
			buildActionMask = 2147483647;
			files = (
			);
			runOnlyForDeploymentPostprocessing = 0;
		};
		EB2862AD2E3D28C300A23B4C /* Resources */ = {
			isa = PBXResourcesBuildPhase;
			buildActionMask = 2147483647;
			files = (
			);
			runOnlyForDeploymentPostprocessing = 0;
		};
/* End PBXResourcesBuildPhase section */

/* Begin PBXSourcesBuildPhase section */
		EB28627B2E3D282D00A23B4C /* Sources */ = {
			isa = PBXSourcesBuildPhase;
			buildActionMask = 2147483647;
			files = (
			);
			runOnlyForDeploymentPostprocessing = 0;
		};
		EB28628A2E3D283000A23B4C /* Sources */ = {
			isa = PBXSourcesBuildPhase;
			buildActionMask = 2147483647;
			files = (
			);
			runOnlyForDeploymentPostprocessing = 0;
		};
		EB2862942E3D283000A23B4C /* Sources */ = {
			isa = PBXSourcesBuildPhase;
			buildActionMask = 2147483647;
			files = (
			);
			runOnlyForDeploymentPostprocessing = 0;
		};
		EB2862AB2E3D28C300A23B4C /* Sources */ = {
			isa = PBXSourcesBuildPhase;
			buildActionMask = 2147483647;
			files = (
			);
			runOnlyForDeploymentPostprocessing = 0;
		};
/* End PBXSourcesBuildPhase section */

/* Begin PBXTargetDependency section */
		EB2862902E3D283000A23B4C /* PBXTargetDependency */ = {
			isa = PBXTargetDependency;
			target = EB28627E2E3D282D00A23B4C /* NutritionTracker */;
			targetProxy = EB28628F2E3D283000A23B4C /* PBXContainerItemProxy */;
		};
		EB28629A2E3D283000A23B4C /* PBXTargetDependency */ = {
			isa = PBXTargetDependency;
			target = EB28627E2E3D282D00A23B4C /* NutritionTracker */;
			targetProxy = EB2862992E3D283000A23B4C /* PBXContainerItemProxy */;
		};
		EB2862C42E3D28C400A23B4C /* PBXTargetDependency */ = {
			isa = PBXTargetDependency;
			target = EB2862AE2E3D28C300A23B4C /* NutritionWidgetExtension */;
			targetProxy = EB2862C32E3D28C400A23B4C /* PBXContainerItemProxy */;
		};
/* End PBXTargetDependency section */

/* Begin XCBuildConfiguration section */
		EB2862A02E3D283000A23B4C /* Debug */ = {
			isa = XCBuildConfiguration;
			buildSettings = {
				ALWAYS_SEARCH_USER_PATHS = NO;
				ASSETCATALOG_COMPILER_GENERATE_SWIFT_ASSET_SYMBOL_EXTENSIONS = YES;
				CLANG_ANALYZER_NONNULL = YES;
				CLANG_ANALYZER_NUMBER_OBJECT_CONVERSION = YES_AGGRESSIVE;
				CLANG_CXX_LANGUAGE_STANDARD = "gnu++20";
				CLANG_ENABLE_MODULES = YES;
				CLANG_ENABLE_OBJC_ARC = YES;
				CLANG_ENABLE_OBJC_WEAK = YES;
				CLANG_WARN_BLOCK_CAPTURE_AUTORELEASING = YES;
				CLANG_WARN_BOOL_CONVERSION = YES;
				CLANG_WARN_COMMA = YES;
				CLANG_WARN_CONSTANT_CONVERSION = YES;
				CLANG_WARN_DEPRECATED_OBJC_IMPLEMENTATIONS = YES;
				CLANG_WARN_DIRECT_OBJC_ISA_USAGE = YES_ERROR;
				CLANG_WARN_DOCUMENTATION_COMMENTS = YES;
				CLANG_WARN_EMPTY_BODY = YES;
				CLANG_WARN_ENUM_CONVERSION = YES;
				CLANG_WARN_INFINITE_RECURSION = YES;
				CLANG_WARN_INT_CONVERSION = YES;
				CLANG_WARN_NON_LITERAL_NULL_CONVERSION = YES;
				CLANG_WARN_OBJC_IMPLICIT_RETAIN_SELF = YES;
				CLANG_WARN_OBJC_LITERAL_CONVERSION = YES;
				CLANG_WARN_OBJC_ROOT_CLASS = YES_ERROR;
				CLANG_WARN_QUOTED_INCLUDE_IN_FRAMEWORK_HEADER = YES;
				CLANG_WARN_RANGE_LOOP_ANALYSIS = YES;
				CLANG_WARN_STRICT_PROTOTYPES = YES;
				CLANG_WARN_SUSPICIOUS_MOVE = YES;
				CLANG_WARN_UNGUARDED_AVAILABILITY = YES_AGGRESSIVE;
				CLANG_WARN_UNREACHABLE_CODE = YES;
				CLANG_WARN__DUPLICATE_METHOD_MATCH = YES;
				COPY_PHASE_STRIP = NO;
				DEBUG_INFORMATION_FORMAT = dwarf;
				ENABLE_STRICT_OBJC_MSGSEND = YES;
				ENABLE_TESTABILITY = YES;
				ENABLE_USER_SCRIPT_SANDBOXING = YES;
				GCC_C_LANGUAGE_STANDARD = gnu17;
				GCC_DYNAMIC_NO_PIC = NO;
				GCC_NO_COMMON_BLOCKS = YES;
				GCC_OPTIMIZATION_LEVEL = 0;
				GCC_PREPROCESSOR_DEFINITIONS = (
					"DEBUG=1",
					"$(inherited)",
				);
				GCC_WARN_64_TO_32_BIT_CONVERSION = YES;
				GCC_WARN_ABOUT_RETURN_TYPE = YES_ERROR;
				GCC_WARN_UNDECLARED_SELECTOR = YES;
				GCC_WARN_UNINITIALIZED_AUTOS = YES_AGGRESSIVE;
				GCC_WARN_UNUSED_FUNCTION = YES;
				GCC_WARN_UNUSED_VARIABLE = YES;
				IPHONEOS_DEPLOYMENT_TARGET = 17.0;
				LOCALIZATION_PREFERS_STRING_CATALOGS = YES;
				MTL_ENABLE_DEBUG_INFO = INCLUDE_SOURCE;
				MTL_FAST_MATH = YES;
				ONLY_ACTIVE_ARCH = YES;
				SDKROOT = iphoneos;
				SWIFT_ACTIVE_COMPILATION_CONDITIONS = "DEBUG $(inherited)";
				SWIFT_OPTIMIZATION_LEVEL = "-Onone";
			};
			name = Debug;
		};
		EB2862A12E3D283000A23B4C /* Release */ = {
			isa = XCBuildConfiguration;
			buildSettings = {
				ALWAYS_SEARCH_USER_PATHS = NO;
				ASSETCATALOG_COMPILER_GENERATE_SWIFT_ASSET_SYMBOL_EXTENSIONS = YES;
				CLANG_ANALYZER_NONNULL = YES;
				CLANG_ANALYZER_NUMBER_OBJECT_CONVERSION = YES_AGGRESSIVE;
				CLANG_CXX_LANGUAGE_STANDARD = "gnu++20";
				CLANG_ENABLE_MODULES = YES;
				CLANG_ENABLE_OBJC_ARC = YES;
				CLANG_ENABLE_OBJC_WEAK = YES;
				CLANG_WARN_BLOCK_CAPTURE_AUTORELEASING = YES;
				CLANG_WARN_BOOL_CONVERSION = YES;
				CLANG_WARN_COMMA = YES;
				CLANG_WARN_CONSTANT_CONVERSION = YES;
				CLANG_WARN_DEPRECATED_OBJC_IMPLEMENTATIONS = YES;
				CLANG_WARN_DIRECT_OBJC_ISA_USAGE = YES_ERROR;
				CLANG_WARN_DOCUMENTATION_COMMENTS = YES;
				CLANG_WARN_EMPTY_BODY = YES;
				CLANG_WARN_ENUM_CONVERSION = YES;
				CLANG_WARN_INFINITE_RECURSION = YES;
				CLANG_WARN_INT_CONVERSION = YES;
				CLANG_WARN_NON_LITERAL_NULL_CONVERSION = YES;
				CLANG_WARN_OBJC_IMPLICIT_RETAIN_SELF = YES;
				CLANG_WARN_OBJC_LITERAL_CONVERSION = YES;
				CLANG_WARN_OBJC_ROOT_CLASS = YES_ERROR;
				CLANG_WARN_QUOTED_INCLUDE_IN_FRAMEWORK_HEADER = YES;
				CLANG_WARN_RANGE_LOOP_ANALYSIS = YES;
				CLANG_WARN_STRICT_PROTOTYPES = YES;
				CLANG_WARN_SUSPICIOUS_MOVE = YES;
				CLANG_WARN_UNGUARDED_AVAILABILITY = YES_AGGRESSIVE;
				CLANG_WARN_UNREACHABLE_CODE = YES;
				CLANG_WARN__DUPLICATE_METHOD_MATCH = YES;
				COPY_PHASE_STRIP = NO;
				DEBUG_INFORMATION_FORMAT = "dwarf-with-dsym";
				ENABLE_NS_ASSERTIONS = NO;
				ENABLE_STRICT_OBJC_MSGSEND = YES;
				ENABLE_USER_SCRIPT_SANDBOXING = YES;
				GCC_C_LANGUAGE_STANDARD = gnu17;
				GCC_NO_COMMON_BLOCKS = YES;
				GCC_WARN_64_TO_32_BIT_CONVERSION = YES;
				GCC_WARN_ABOUT_RETURN_TYPE = YES_ERROR;
				GCC_WARN_UNDECLARED_SELECTOR = YES;
				GCC_WARN_UNINITIALIZED_AUTOS = YES_AGGRESSIVE;
				GCC_WARN_UNUSED_FUNCTION = YES;
				GCC_WARN_UNUSED_VARIABLE = YES;
				IPHONEOS_DEPLOYMENT_TARGET = 17.0;
				LOCALIZATION_PREFERS_STRING_CATALOGS = YES;
				MTL_ENABLE_DEBUG_INFO = NO;
				MTL_FAST_MATH = YES;
				SDKROOT = iphoneos;
				SWIFT_COMPILATION_MODE = wholemodule;
				VALIDATE_PRODUCT = YES;
			};
			name = Release;
		};
		EB2862A32E3D283000A23B4C /* Debug */ = {
			isa = XCBuildConfiguration;
			buildSettings = {
				ASSETCATALOG_COMPILER_APPICON_NAME = AppIcon;
				ASSETCATALOG_COMPILER_GLOBAL_ACCENT_COLOR_NAME = AccentColor;
				CODE_SIGN_ENTITLEMENTS = NutritionTracker/NutritionTracker.entitlements;
				CODE_SIGN_IDENTITY = "Apple Development";
				CODE_SIGN_STYLE = Automatic;
				CURRENT_PROJECT_VERSION = 1;
				DEVELOPMENT_TEAM = JV66384D8N;
				ENABLE_PREVIEWS = YES;
				GENERATE_INFOPLIST_FILE = YES;
				INFOPLIST_KEY_UIApplicationSceneManifest_Generation = YES;
				INFOPLIST_KEY_UIApplicationSupportsIndirectInputEvents = YES;
				INFOPLIST_KEY_UILaunchScreen_Generation = YES;
				INFOPLIST_KEY_UISupportedInterfaceOrientations_iPad = "UIInterfaceOrientationPortrait UIInterfaceOrientationPortraitUpsideDown UIInterfaceOrientationLandscapeLeft UIInterfaceOrientationLandscapeRight";
				INFOPLIST_KEY_UISupportedInterfaceOrientations_iPhone = "UIInterfaceOrientationPortrait UIInterfaceOrientationLandscapeLeft UIInterfaceOrientationLandscapeRight";
				LD_RUNPATH_SEARCH_PATHS = (
					"$(inherited)",
					"@executable_path/Frameworks",
				);
				MARKETING_VERSION = 1.0;
				PRODUCT_BUNDLE_IDENTIFIER = TomerCode.NutritionTracker;
				PRODUCT_NAME = "$(TARGET_NAME)";
				PROVISIONING_PROFILE_SPECIFIER = "";
				SWIFT_EMIT_LOC_STRINGS = YES;
				SWIFT_VERSION = 5.0;
				TARGETED_DEVICE_FAMILY = "1,2";
			};
			name = Debug;
		};
		EB2862A42E3D283000A23B4C /* Release */ = {
			isa = XCBuildConfiguration;
			buildSettings = {
				ASSETCATALOG_COMPILER_APPICON_NAME = AppIcon;
				ASSETCATALOG_COMPILER_GLOBAL_ACCENT_COLOR_NAME = AccentColor;
				CODE_SIGN_ENTITLEMENTS = NutritionTracker/NutritionTracker.entitlements;
				CODE_SIGN_IDENTITY = "Apple Development";
				CODE_SIGN_STYLE = Automatic;
				CURRENT_PROJECT_VERSION = 1;
				DEVELOPMENT_TEAM = JV66384D8N;
				ENABLE_PREVIEWS = YES;
				GENERATE_INFOPLIST_FILE = YES;
				INFOPLIST_KEY_UIApplicationSceneManifest_Generation = YES;
				INFOPLIST_KEY_UIApplicationSupportsIndirectInputEvents = YES;
				INFOPLIST_KEY_UILaunchScreen_Generation = YES;
				INFOPLIST_KEY_UISupportedInterfaceOrientations_iPad = "UIInterfaceOrientationPortrait UIInterfaceOrientationPortraitUpsideDown UIInterfaceOrientationLandscapeLeft UIInterfaceOrientationLandscapeRight";
				INFOPLIST_KEY_UISupportedInterfaceOrientations_iPhone = "UIInterfaceOrientationPortrait UIInterfaceOrientationLandscapeLeft UIInterfaceOrientationLandscapeRight";
				LD_RUNPATH_SEARCH_PATHS = (
					"$(inherited)",
					"@executable_path/Frameworks",
				);
				MARKETING_VERSION = 1.0;
				PRODUCT_BUNDLE_IDENTIFIER = TomerCode.NutritionTracker;
				PRODUCT_NAME = "$(TARGET_NAME)";
				PROVISIONING_PROFILE_SPECIFIER = "";
				SWIFT_EMIT_LOC_STRINGS = YES;
				SWIFT_VERSION = 5.0;
				TARGETED_DEVICE_FAMILY = "1,2";
			};
			name = Release;
		};
		EB2862A62E3D283000A23B4C /* Debug */ = {
			isa = XCBuildConfiguration;
			buildSettings = {
				BUNDLE_LOADER = "$(TEST_HOST)";
				CODE_SIGN_STYLE = Automatic;
				CURRENT_PROJECT_VERSION = 1;
				GENERATE_INFOPLIST_FILE = YES;
				IPHONEOS_DEPLOYMENT_TARGET = 17.0;
				MARKETING_VERSION = 1.0;
				PRODUCT_BUNDLE_IDENTIFIER = TomerCode.NutritionTrackerTests;
				PRODUCT_NAME = "$(TARGET_NAME)";
				SWIFT_EMIT_LOC_STRINGS = NO;
				SWIFT_VERSION = 5.0;
				TARGETED_DEVICE_FAMILY = "1,2";
				TEST_HOST = "$(BUILT_PRODUCTS_DIR)/NutritionTracker.app/$(BUNDLE_EXECUTABLE_FOLDER_PATH)/NutritionTracker";
			};
			name = Debug;
		};
		EB2862A72E3D283000A23B4C /* Release */ = {
			isa = XCBuildConfiguration;
			buildSettings = {
				BUNDLE_LOADER = "$(TEST_HOST)";
				CODE_SIGN_STYLE = Automatic;
				CURRENT_PROJECT_VERSION = 1;
				GENERATE_INFOPLIST_FILE = YES;
				IPHONEOS_DEPLOYMENT_TARGET = 17.0;
				MARKETING_VERSION = 1.0;
				PRODUCT_BUNDLE_IDENTIFIER = TomerCode.NutritionTrackerTests;
				PRODUCT_NAME = "$(TARGET_NAME)";
				SWIFT_EMIT_LOC_STRINGS = NO;
				SWIFT_VERSION = 5.0;
				TARGETED_DEVICE_FAMILY = "1,2";
				TEST_HOST = "$(BUILT_PRODUCTS_DIR)/NutritionTracker.app/$(BUNDLE_EXECUTABLE_FOLDER_PATH)/NutritionTracker";
			};
			name = Release;
		};
		EB2862A92E3D283000A23B4C /* Debug */ = {
			isa = XCBuildConfiguration;
			buildSettings = {
				CODE_SIGN_STYLE = Automatic;
				CURRENT_PROJECT_VERSION = 1;
				DEVELOPMENT_TEAM = JV66384D8N;
				GENERATE_INFOPLIST_FILE = YES;
				MARKETING_VERSION = 1.0;
				PRODUCT_BUNDLE_IDENTIFIER = TomerCode.NutritionTrackerUITests;
				PRODUCT_NAME = "$(TARGET_NAME)";
				SWIFT_EMIT_LOC_STRINGS = NO;
				SWIFT_VERSION = 5.0;
				TARGETED_DEVICE_FAMILY = "1,2";
				TEST_TARGET_NAME = NutritionTracker;
			};
			name = Debug;
		};
		EB2862AA2E3D283000A23B4C /* Release */ = {
			isa = XCBuildConfiguration;
			buildSettings = {
				CODE_SIGN_STYLE = Automatic;
				CURRENT_PROJECT_VERSION = 1;
				DEVELOPMENT_TEAM = JV66384D8N;
				GENERATE_INFOPLIST_FILE = YES;
				MARKETING_VERSION = 1.0;
				PRODUCT_BUNDLE_IDENTIFIER = TomerCode.NutritionTrackerUITests;
				PRODUCT_NAME = "$(TARGET_NAME)";
				SWIFT_EMIT_LOC_STRINGS = NO;
				SWIFT_VERSION = 5.0;
				TARGETED_DEVICE_FAMILY = "1,2";
				TEST_TARGET_NAME = NutritionTracker;
			};
			name = Release;
		};
		EB2862C82E3D28C400A23B4C /* Debug */ = {
			isa = XCBuildConfiguration;
			buildSettings = {
				ASSETCATALOG_COMPILER_GLOBAL_ACCENT_COLOR_NAME = AccentColor;
				ASSETCATALOG_COMPILER_WIDGET_BACKGROUND_COLOR_NAME = WidgetBackground;
				CODE_SIGN_ENTITLEMENTS = NutritionWidgetExtension.entitlements;
				CODE_SIGN_IDENTITY = "Apple Development";
				CODE_SIGN_STYLE = Automatic;
				CURRENT_PROJECT_VERSION = 1;
				DEVELOPMENT_TEAM = JV66384D8N;
				GENERATE_INFOPLIST_FILE = YES;
				INFOPLIST_FILE = NutritionWidget/Info.plist;
				INFOPLIST_KEY_CFBundleDisplayName = NutritionWidget;
				INFOPLIST_KEY_NSHumanReadableCopyright = "";
				LD_RUNPATH_SEARCH_PATHS = (
					"$(inherited)",
					"@executable_path/Frameworks",
					"@executable_path/../../Frameworks",
				);
				MARKETING_VERSION = 1.0;
				PRODUCT_BUNDLE_IDENTIFIER = TomerCode.NutritionTracker.NutritionWidgetExtension;
				PRODUCT_NAME = "$(TARGET_NAME)";
				PROVISIONING_PROFILE_SPECIFIER = "";
				SKIP_INSTALL = YES;
				SWIFT_EMIT_LOC_STRINGS = YES;
				SWIFT_VERSION = 5.0;
				TARGETED_DEVICE_FAMILY = "1,2";
			};
			name = Debug;
		};
		EB2862C92E3D28C400A23B4C /* Release */ = {
			isa = XCBuildConfiguration;
			buildSettings = {
				ASSETCATALOG_COMPILER_GLOBAL_ACCENT_COLOR_NAME = AccentColor;
				ASSETCATALOG_COMPILER_WIDGET_BACKGROUND_COLOR_NAME = WidgetBackground;
				CODE_SIGN_ENTITLEMENTS = NutritionWidgetExtension.entitlements;
				CODE_SIGN_IDENTITY = "Apple Development";
				CODE_SIGN_STYLE = Automatic;
				CURRENT_PROJECT_VERSION = 1;
				DEVELOPMENT_TEAM = JV66384D8N;
				GENERATE_INFOPLIST_FILE = YES;
				INFOPLIST_FILE = NutritionWidget/Info.plist;
				INFOPLIST_KEY_CFBundleDisplayName = NutritionWidget;
				INFOPLIST_KEY_NSHumanReadableCopyright = "";
				LD_RUNPATH_SEARCH_PATHS = (
					"$(inherited)",
					"@executable_path/Frameworks",
					"@executable_path/../../Frameworks",
				);
				MARKETING_VERSION = 1.0;
				PRODUCT_BUNDLE_IDENTIFIER = TomerCode.NutritionTracker.NutritionWidgetExtension;
				PRODUCT_NAME = "$(TARGET_NAME)";
				PROVISIONING_PROFILE_SPECIFIER = "";
				SKIP_INSTALL = YES;
				SWIFT_EMIT_LOC_STRINGS = YES;
				SWIFT_VERSION = 5.0;
				TARGETED_DEVICE_FAMILY = "1,2";
			};
			name = Release;
		};
/* End XCBuildConfiguration section */

/* Begin XCConfigurationList section */
		EB28627A2E3D282D00A23B4C /* Build configuration list for PBXProject "NutritionTracker" */ = {
			isa = XCConfigurationList;
			buildConfigurations = (
				EB2862A02E3D283000A23B4C /* Debug */,
				EB2862A12E3D283000A23B4C /* Release */,
			);
			defaultConfigurationIsVisible = 0;
			defaultConfigurationName = Release;
		};
		EB2862A22E3D283000A23B4C /* Build configuration list for PBXNativeTarget "NutritionTracker" */ = {
			isa = XCConfigurationList;
			buildConfigurations = (
				EB2862A32E3D283000A23B4C /* Debug */,
				EB2862A42E3D283000A23B4C /* Release */,
			);
			defaultConfigurationIsVisible = 0;
			defaultConfigurationName = Release;
		};
		EB2862A52E3D283000A23B4C /* Build configuration list for PBXNativeTarget "NutritionTrackerTests" */ = {
			isa = XCConfigurationList;
			buildConfigurations = (
				EB2862A62E3D283000A23B4C /* Debug */,
				EB2862A72E3D283000A23B4C /* Release */,
			);
			defaultConfigurationIsVisible = 0;
			defaultConfigurationName = Release;
		};
		EB2862A82E3D283000A23B4C /* Build configuration list for PBXNativeTarget "NutritionTrackerUITests" */ = {
			isa = XCConfigurationList;
			buildConfigurations = (
				EB2862A92E3D283000A23B4C /* Debug */,
				EB2862AA2E3D283000A23B4C /* Release */,
			);
			defaultConfigurationIsVisible = 0;
			defaultConfigurationName = Release;
		};
		EB2862C72E3D28C400A23B4C /* Build configuration list for PBXNativeTarget "NutritionWidgetExtension" */ = {
			isa = XCConfigurationList;
			buildConfigurations = (
				EB2862C82E3D28C400A23B4C /* Debug */,
				EB2862C92E3D28C400A23B4C /* Release */,
			);
			defaultConfigurationIsVisible = 0;
			defaultConfigurationName = Release;
		};
/* End XCConfigurationList section */
	};
	rootObject = EB2862772E3D282D00A23B4C /* Project object */;
}
